Microsoft Visual Studio Solution File, Format Version 12.00
# Visual Studio 2012
Project("{FAE04EC0-301F-11D3-BF4B-00C04F79EFBC}") = "voronoi", "voronoi.csproj", "{450FB21D-EEEB-4246-B6A2-F2B370A31299}"
EndProject
Global
	GlobalSection(SolutionConfigurationPlatforms) = preSolution
	Debug|Any CPU = Debug|Any CPU
	ExportDebug|Any CPU = ExportDebug|Any CPU
	ExportRelease|Any CPU = ExportRelease|Any CPU
	EndGlobalSection
	GlobalSection(ProjectConfigurationPlatforms) = postSolution
		{450FB21D-EEEB-4246-B6A2-F2B370A31299}.Debug|Any CPU.ActiveCfg = Debug|Any CPU
		{450FB21D-EEEB-4246-B6A2-F2B370A31299}.Debug|Any CPU.Build.0 = Debug|Any CPU
		{450FB21D-EEEB-4246-B6A2-F2B370A31299}.ExportDebug|Any CPU.ActiveCfg = ExportDebug|Any CPU
		{450FB21D-EEEB-4246-B6A2-F2B370A31299}.ExportDebug|Any CPU.Build.0 = ExportDebug|Any CPU
		{450FB21D-EEEB-4246-B6A2-F2B370A31299}.ExportRelease|Any CPU.ActiveCfg = ExportRelease|Any CPU
		{450FB21D-EEEB-4246-B6A2-F2B370A31299}.ExportRelease|Any CPU.Build.0 = ExportRelease|Any CPU
	EndGlobalSection
EndGlobal
