Microsoft Visual Studio Solution File, Format Version 12.00
# Visual Studio Version 17
VisualStudioVersion = 17.5.2.0
MinimumVisualStudioVersion = 10.0.40219.1
Project("{FAE04EC0-301F-11D3-BF4B-00C04F79EFBC}") = "Voronoi", "Voronoi.csproj", "{8F40F63A-6D3F-644E-0814-306C44424846}"
EndProject
Global
	GlobalSection(SolutionConfigurationPlatforms) = preSolution
		Debug|Any CPU = Debug|Any CPU
		Release|Any CPU = Release|Any CPU
	EndGlobalSection
	GlobalSection(ProjectConfigurationPlatforms) = postSolution
		{8F40F63A-6D3F-644E-0814-306C44424846}.Debug|Any CPU.ActiveCfg = Debug|Any CPU
		{8F40F63A-6D3F-644E-0814-306C44424846}.Debug|Any CPU.Build.0 = Debug|Any CPU
		{8F40F63A-6D3F-644E-0814-306C44424846}.Release|Any CPU.ActiveCfg = Release|Any CPU
		{8F40F63A-6D3F-644E-0814-306C44424846}.Release|Any CPU.Build.0 = Release|Any CPU
	EndGlobalSection
	GlobalSection(SolutionProperties) = preSolution
		HideSolutionNode = FALSE
	EndGlobalSection
	GlobalSection(ExtensibilityGlobals) = postSolution
		SolutionGuid = {591611F4-BD7B-47A9-B077-99D9ADD76216}
	EndGlobalSection
EndGlobal
